
Microsoft Visual Studio Solution File, Format Version 12.00
# Visual Studio Version 16
VisualStudioVersion = 16.0.28922.388
MinimumVisualStudioVersion = 10.0.40219.1
Project("{8BC9CEB8-8B4A-11D0-8D11-00A0C91BC942}") = "L1", "L1\L1.vcxproj", "{6A71D6D0-86AE-4E10-B030-CF92469F1B81}"
EndProject
Project("{8BC9CEB8-8B4A-11D0-8D11-00A0C91BC942}") = "L2", "L2\L2.vcxproj", "{D1FF1202-74E6-4706-8482-F88B8D0B4F2A}"
EndProject
Project("{8BC9CEB8-8B4A-11D0-8D11-00A0C91BC942}") = "L3", "L3\L3.vcxproj", "{9337132A-9679-4783-899B-8EFA15F62F90}"
EndProject
Project("{8BC9CEB8-8B4A-11D0-8D11-00A0C91BC942}") = "L4", "L4\L4.vcxproj", "{42FB021A-694C-4DE4-A272-0D919EFD0B5B}"
EndProject
Project("{8BC9CEB8-8B4A-11D0-8D11-00A0C91BC942}") = "L5", "L5\L5.vcxproj", "{A6F7C24C-3424-40B6-A2EE-195F4E3ED059}"
EndProject
Project("{8BC9CEB8-8B4A-11D0-8D11-00A0C91BC942}") = "L6", "L6\L6.vcxproj", "{61BC16BE-DCF9-40C0-AE04-49DDB0B92DCC}"
EndProject
Project("{8BC9CEB8-8B4A-11D0-8D11-00A0C91BC942}") = "L7.3", "L7.3\L7.3.vcxproj", "{1AFA60AC-31C2-4CEF-AD5B-60AE0C3932E0}"
EndProject
Project("{8BC9CEB8-8B4A-11D0-8D11-00A0C91BC942}") = "L7.4", "L7.4\L7.4.vcxproj", "{DABF6825-D565-4F3A-A7D4-5FA1F613883B}"
EndProject
Project("{8BC9CEB8-8B4A-11D0-8D11-00A0C91BC942}") = "L8.3", "L8\L8.vcxproj", "{F18D6AC0-E2D1-4EC9-8876-1DB31720E14D}"
EndProject
Project("{8BC9CEB8-8B4A-11D0-8D11-00A0C91BC942}") = "L8.4", "L8.4\L8.4.vcxproj", "{555E5A81-FFDA-40B6-8E03-02828486301E}"
EndProject
Project("{8BC9CEB8-8B4A-11D0-8D11-00A0C91BC942}") = "L7.1", "L7.1\L7.1.vcxproj", "{0ACE7F72-733F-4DE4-9C44-5298F46821A5}"
EndProject
Project("{8BC9CEB8-8B4A-11D0-8D11-00A0C91BC942}") = "L7.2", "L7.2\L7.2.vcxproj", "{500584C5-BB86-4DA9-8166-AD66F9E0BC6B}"
EndProject
Project("{8BC9CEB8-8B4A-11D0-8D11-00A0C91BC942}") = "L7.6", "L7.6\L7.6.vcxproj", "{DAB1815B-494C-4829-86CA-BD84405E3F52}"
EndProject
Project("{8BC9CEB8-8B4A-11D0-8D11-00A0C91BC942}") = "L7.5", "L7.5\L7.5.vcxproj", "{C873B208-7793-40FF-B7E8-6A510F4EBF49}"
EndProject
Project("{8BC9CEB8-8B4A-11D0-8D11-00A0C91BC942}") = "L9", "L9\L9.vcxproj", "{416AFA9E-403B-48AC-A9B5-E141933F12E1}"
EndProject
Global
	GlobalSection(SolutionConfigurationPlatforms) = preSolution
		Debug|x64 = Debug|x64
		Debug|x86 = Debug|x86
		Release|x64 = Release|x64
		Release|x86 = Release|x86
	EndGlobalSection
	GlobalSection(ProjectConfigurationPlatforms) = postSolution
		{6A71D6D0-86AE-4E10-B030-CF92469F1B81}.Debug|x64.ActiveCfg = Debug|x64
		{6A71D6D0-86AE-4E10-B030-CF92469F1B81}.Debug|x64.Build.0 = Debug|x64
		{6A71D6D0-86AE-4E10-B030-CF92469F1B81}.Debug|x86.ActiveCfg = Debug|Win32
		{6A71D6D0-86AE-4E10-B030-CF92469F1B81}.Debug|x86.Build.0 = Debug|Win32
		{6A71D6D0-86AE-4E10-B030-CF92469F1B81}.Release|x64.ActiveCfg = Release|x64
		{6A71D6D0-86AE-4E10-B030-CF92469F1B81}.Release|x64.Build.0 = Release|x64
		{6A71D6D0-86AE-4E10-B030-CF92469F1B81}.Release|x86.ActiveCfg = Release|Win32
		{6A71D6D0-86AE-4E10-B030-CF92469F1B81}.Release|x86.Build.0 = Release|Win32
		{D1FF1202-74E6-4706-8482-F88B8D0B4F2A}.Debug|x64.ActiveCfg = Debug|x64
		{D1FF1202-74E6-4706-8482-F88B8D0B4F2A}.Debug|x64.Build.0 = Debug|x64
		{D1FF1202-74E6-4706-8482-F88B8D0B4F2A}.Debug|x86.ActiveCfg = Debug|Win32
		{D1FF1202-74E6-4706-8482-F88B8D0B4F2A}.Debug|x86.Build.0 = Debug|Win32
		{D1FF1202-74E6-4706-8482-F88B8D0B4F2A}.Release|x64.ActiveCfg = Release|x64
		{D1FF1202-74E6-4706-8482-F88B8D0B4F2A}.Release|x64.Build.0 = Release|x64
		{D1FF1202-74E6-4706-8482-F88B8D0B4F2A}.Release|x86.ActiveCfg = Release|Win32
		{D1FF1202-74E6-4706-8482-F88B8D0B4F2A}.Release|x86.Build.0 = Release|Win32
		{9337132A-9679-4783-899B-8EFA15F62F90}.Debug|x64.ActiveCfg = Debug|x64
		{9337132A-9679-4783-899B-8EFA15F62F90}.Debug|x64.Build.0 = Debug|x64
		{9337132A-9679-4783-899B-8EFA15F62F90}.Debug|x86.ActiveCfg = Debug|Win32
		{9337132A-9679-4783-899B-8EFA15F62F90}.Debug|x86.Build.0 = Debug|Win32
		{9337132A-9679-4783-899B-8EFA15F62F90}.Release|x64.ActiveCfg = Release|x64
		{9337132A-9679-4783-899B-8EFA15F62F90}.Release|x64.Build.0 = Release|x64
		{9337132A-9679-4783-899B-8EFA15F62F90}.Release|x86.ActiveCfg = Release|Win32
		{9337132A-9679-4783-899B-8EFA15F62F90}.Release|x86.Build.0 = Release|Win32
		{42FB021A-694C-4DE4-A272-0D919EFD0B5B}.Debug|x64.ActiveCfg = Debug|x64
		{42FB021A-694C-4DE4-A272-0D919EFD0B5B}.Debug|x64.Build.0 = Debug|x64
		{42FB021A-694C-4DE4-A272-0D919EFD0B5B}.Debug|x86.ActiveCfg = Debug|Win32
		{42FB021A-694C-4DE4-A272-0D919EFD0B5B}.Debug|x86.Build.0 = Debug|Win32
		{42FB021A-694C-4DE4-A272-0D919EFD0B5B}.Release|x64.ActiveCfg = Release|x64
		{42FB021A-694C-4DE4-A272-0D919EFD0B5B}.Release|x64.Build.0 = Release|x64
		{42FB021A-694C-4DE4-A272-0D919EFD0B5B}.Release|x86.ActiveCfg = Release|Win32
		{42FB021A-694C-4DE4-A272-0D919EFD0B5B}.Release|x86.Build.0 = Release|Win32
		{A6F7C24C-3424-40B6-A2EE-195F4E3ED059}.Debug|x64.ActiveCfg = Debug|x64
		{A6F7C24C-3424-40B6-A2EE-195F4E3ED059}.Debug|x64.Build.0 = Debug|x64
		{A6F7C24C-3424-40B6-A2EE-195F4E3ED059}.Debug|x86.ActiveCfg = Debug|Win32
		{A6F7C24C-3424-40B6-A2EE-195F4E3ED059}.Debug|x86.Build.0 = Debug|Win32
		{A6F7C24C-3424-40B6-A2EE-195F4E3ED059}.Release|x64.ActiveCfg = Release|x64
		{A6F7C24C-3424-40B6-A2EE-195F4E3ED059}.Release|x64.Build.0 = Release|x64
		{A6F7C24C-3424-40B6-A2EE-195F4E3ED059}.Release|x86.ActiveCfg = Release|Win32
		{A6F7C24C-3424-40B6-A2EE-195F4E3ED059}.Release|x86.Build.0 = Release|Win32
		{61BC16BE-DCF9-40C0-AE04-49DDB0B92DCC}.Debug|x64.ActiveCfg = Debug|x64
		{61BC16BE-DCF9-40C0-AE04-49DDB0B92DCC}.Debug|x64.Build.0 = Debug|x64
		{61BC16BE-DCF9-40C0-AE04-49DDB0B92DCC}.Debug|x86.ActiveCfg = Debug|Win32
		{61BC16BE-DCF9-40C0-AE04-49DDB0B92DCC}.Debug|x86.Build.0 = Debug|Win32
		{61BC16BE-DCF9-40C0-AE04-49DDB0B92DCC}.Release|x64.ActiveCfg = Release|x64
		{61BC16BE-DCF9-40C0-AE04-49DDB0B92DCC}.Release|x64.Build.0 = Release|x64
		{61BC16BE-DCF9-40C0-AE04-49DDB0B92DCC}.Release|x86.ActiveCfg = Release|Win32
		{61BC16BE-DCF9-40C0-AE04-49DDB0B92DCC}.Release|x86.Build.0 = Release|Win32
		{1AFA60AC-31C2-4CEF-AD5B-60AE0C3932E0}.Debug|x64.ActiveCfg = Debug|x64
		{1AFA60AC-31C2-4CEF-AD5B-60AE0C3932E0}.Debug|x64.Build.0 = Debug|x64
		{1AFA60AC-31C2-4CEF-AD5B-60AE0C3932E0}.Debug|x86.ActiveCfg = Debug|Win32
		{1AFA60AC-31C2-4CEF-AD5B-60AE0C3932E0}.Debug|x86.Build.0 = Debug|Win32
		{1AFA60AC-31C2-4CEF-AD5B-60AE0C3932E0}.Release|x64.ActiveCfg = Release|x64
		{1AFA60AC-31C2-4CEF-AD5B-60AE0C3932E0}.Release|x64.Build.0 = Release|x64
		{1AFA60AC-31C2-4CEF-AD5B-60AE0C3932E0}.Release|x86.ActiveCfg = Release|Win32
		{1AFA60AC-31C2-4CEF-AD5B-60AE0C3932E0}.Release|x86.Build.0 = Release|Win32
		{DABF6825-D565-4F3A-A7D4-5FA1F613883B}.Debug|x64.ActiveCfg = Debug|x64
		{DABF6825-D565-4F3A-A7D4-5FA1F613883B}.Debug|x64.Build.0 = Debug|x64
		{DABF6825-D565-4F3A-A7D4-5FA1F613883B}.Debug|x86.ActiveCfg = Debug|Win32
		{DABF6825-D565-4F3A-A7D4-5FA1F613883B}.Debug|x86.Build.0 = Debug|Win32
		{DABF6825-D565-4F3A-A7D4-5FA1F613883B}.Release|x64.ActiveCfg = Release|x64
		{DABF6825-D565-4F3A-A7D4-5FA1F613883B}.Release|x64.Build.0 = Release|x64
		{DABF6825-D565-4F3A-A7D4-5FA1F613883B}.Release|x86.ActiveCfg = Release|Win32
		{DABF6825-D565-4F3A-A7D4-5FA1F613883B}.Release|x86.Build.0 = Release|Win32
		{F18D6AC0-E2D1-4EC9-8876-1DB31720E14D}.Debug|x64.ActiveCfg = Debug|x64
		{F18D6AC0-E2D1-4EC9-8876-1DB31720E14D}.Debug|x64.Build.0 = Debug|x64
		{F18D6AC0-E2D1-4EC9-8876-1DB31720E14D}.Debug|x86.ActiveCfg = Debug|Win32
		{F18D6AC0-E2D1-4EC9-8876-1DB31720E14D}.Debug|x86.Build.0 = Debug|Win32
		{F18D6AC0-E2D1-4EC9-8876-1DB31720E14D}.Release|x64.ActiveCfg = Release|x64
		{F18D6AC0-E2D1-4EC9-8876-1DB31720E14D}.Release|x64.Build.0 = Release|x64
		{F18D6AC0-E2D1-4EC9-8876-1DB31720E14D}.Release|x86.ActiveCfg = Release|Win32
		{F18D6AC0-E2D1-4EC9-8876-1DB31720E14D}.Release|x86.Build.0 = Release|Win32
		{555E5A81-FFDA-40B6-8E03-02828486301E}.Debug|x64.ActiveCfg = Debug|x64
		{555E5A81-FFDA-40B6-8E03-02828486301E}.Debug|x64.Build.0 = Debug|x64
		{555E5A81-FFDA-40B6-8E03-02828486301E}.Debug|x86.ActiveCfg = Debug|Win32
		{555E5A81-FFDA-40B6-8E03-02828486301E}.Debug|x86.Build.0 = Debug|Win32
		{555E5A81-FFDA-40B6-8E03-02828486301E}.Release|x64.ActiveCfg = Release|x64
		{555E5A81-FFDA-40B6-8E03-02828486301E}.Release|x64.Build.0 = Release|x64
		{555E5A81-FFDA-40B6-8E03-02828486301E}.Release|x86.ActiveCfg = Release|Win32
		{555E5A81-FFDA-40B6-8E03-02828486301E}.Release|x86.Build.0 = Release|Win32
		{0ACE7F72-733F-4DE4-9C44-5298F46821A5}.Debug|x64.ActiveCfg = Debug|x64
		{0ACE7F72-733F-4DE4-9C44-5298F46821A5}.Debug|x64.Build.0 = Debug|x64
		{0ACE7F72-733F-4DE4-9C44-5298F46821A5}.Debug|x86.ActiveCfg = Debug|Win32
		{0ACE7F72-733F-4DE4-9C44-5298F46821A5}.Debug|x86.Build.0 = Debug|Win32
		{0ACE7F72-733F-4DE4-9C44-5298F46821A5}.Release|x64.ActiveCfg = Release|x64
		{0ACE7F72-733F-4DE4-9C44-5298F46821A5}.Release|x64.Build.0 = Release|x64
		{0ACE7F72-733F-4DE4-9C44-5298F46821A5}.Release|x86.ActiveCfg = Release|Win32
		{0ACE7F72-733F-4DE4-9C44-5298F46821A5}.Release|x86.Build.0 = Release|Win32
		{500584C5-BB86-4DA9-8166-AD66F9E0BC6B}.Debug|x64.ActiveCfg = Debug|x64
		{500584C5-BB86-4DA9-8166-AD66F9E0BC6B}.Debug|x64.Build.0 = Debug|x64
		{500584C5-BB86-4DA9-8166-AD66F9E0BC6B}.Debug|x86.ActiveCfg = Debug|Win32
		{500584C5-BB86-4DA9-8166-AD66F9E0BC6B}.Debug|x86.Build.0 = Debug|Win32
		{500584C5-BB86-4DA9-8166-AD66F9E0BC6B}.Release|x64.ActiveCfg = Release|x64
		{500584C5-BB86-4DA9-8166-AD66F9E0BC6B}.Release|x64.Build.0 = Release|x64
		{500584C5-BB86-4DA9-8166-AD66F9E0BC6B}.Release|x86.ActiveCfg = Release|Win32
		{500584C5-BB86-4DA9-8166-AD66F9E0BC6B}.Release|x86.Build.0 = Release|Win32
		{DAB1815B-494C-4829-86CA-BD84405E3F52}.Debug|x64.ActiveCfg = Debug|x64
		{DAB1815B-494C-4829-86CA-BD84405E3F52}.Debug|x64.Build.0 = Debug|x64
		{DAB1815B-494C-4829-86CA-BD84405E3F52}.Debug|x86.ActiveCfg = Debug|Win32
		{DAB1815B-494C-4829-86CA-BD84405E3F52}.Debug|x86.Build.0 = Debug|Win32
		{DAB1815B-494C-4829-86CA-BD84405E3F52}.Release|x64.ActiveCfg = Release|x64
		{DAB1815B-494C-4829-86CA-BD84405E3F52}.Release|x64.Build.0 = Release|x64
		{DAB1815B-494C-4829-86CA-BD84405E3F52}.Release|x86.ActiveCfg = Release|Win32
		{DAB1815B-494C-4829-86CA-BD84405E3F52}.Release|x86.Build.0 = Release|Win32
		{C873B208-7793-40FF-B7E8-6A510F4EBF49}.Debug|x64.ActiveCfg = Debug|x64
		{C873B208-7793-40FF-B7E8-6A510F4EBF49}.Debug|x64.Build.0 = Debug|x64
		{C873B208-7793-40FF-B7E8-6A510F4EBF49}.Debug|x86.ActiveCfg = Debug|Win32
		{C873B208-7793-40FF-B7E8-6A510F4EBF49}.Debug|x86.Build.0 = Debug|Win32
		{C873B208-7793-40FF-B7E8-6A510F4EBF49}.Release|x64.ActiveCfg = Release|x64
		{C873B208-7793-40FF-B7E8-6A510F4EBF49}.Release|x64.Build.0 = Release|x64
		{C873B208-7793-40FF-B7E8-6A510F4EBF49}.Release|x86.ActiveCfg = Release|Win32
		{C873B208-7793-40FF-B7E8-6A510F4EBF49}.Release|x86.Build.0 = Release|Win32
		{416AFA9E-403B-48AC-A9B5-E141933F12E1}.Debug|x64.ActiveCfg = Debug|x64
		{416AFA9E-403B-48AC-A9B5-E141933F12E1}.Debug|x64.Build.0 = Debug|x64
		{416AFA9E-403B-48AC-A9B5-E141933F12E1}.Debug|x86.ActiveCfg = Debug|Win32
		{416AFA9E-403B-48AC-A9B5-E141933F12E1}.Debug|x86.Build.0 = Debug|Win32
		{416AFA9E-403B-48AC-A9B5-E141933F12E1}.Release|x64.ActiveCfg = Release|x64
		{416AFA9E-403B-48AC-A9B5-E141933F12E1}.Release|x64.Build.0 = Release|x64
		{416AFA9E-403B-48AC-A9B5-E141933F12E1}.Release|x86.ActiveCfg = Release|Win32
		{416AFA9E-403B-48AC-A9B5-E141933F12E1}.Release|x86.Build.0 = Release|Win32
	EndGlobalSection
	GlobalSection(SolutionProperties) = preSolution
		HideSolutionNode = FALSE
	EndGlobalSection
	GlobalSection(ExtensibilityGlobals) = postSolution
		SolutionGuid = {0D8047E5-848C-490E-A286-5A769100AE90}
	EndGlobalSection
EndGlobal
